
Microsoft Visual Studio Solution File, Format Version 12.00
# Visual Studio Version 17
VisualStudioVersion = 17.4.33205.214
MinimumVisualStudioVersion = 10.0.40219.1
Project("{FAE04EC0-301F-11D3-BF4B-00C04F79EFBC}") = "MonoHelper", "MonoHelper.csproj", "{F49A55AB-758B-4E4B-B6D7-B47E37D22406}"
EndProject
Global
	GlobalSection(SolutionConfigurationPlatforms) = preSolution
		Debug|Any CPU = Debug|Any CPU
		Release|Any CPU = Release|Any CPU
	EndGlobalSection
	GlobalSection(ProjectConfigurationPlatforms) = postSolution
		{F49A55AB-758B-4E4B-B6D7-B47E37D22406}.Debug|Any CPU.ActiveCfg = Debug|Any CPU
		{F49A55AB-758B-4E4B-B6D7-B47E37D22406}.Debug|Any CPU.Build.0 = Debug|Any CPU
		{F49A55AB-758B-4E4B-B6D7-B47E37D22406}.Release|Any CPU.ActiveCfg = Release|Any CPU
		{F49A55AB-758B-4E4B-B6D7-B47E37D22406}.Release|Any CPU.Build.0 = Release|Any CPU
	EndGlobalSection
	GlobalSection(SolutionProperties) = preSolution
		HideSolutionNode = FALSE
	EndGlobalSection
	GlobalSection(ExtensibilityGlobals) = postSolution
		SolutionGuid = {A46FAFF5-556F-4623-B2B6-28354F3B3FD4}
	EndGlobalSection
EndGlobal
